Microsoft Visual Studio Solution File, Format Version 11.00
# Visual Studio 2008

Project("{FE791A03-740F-5635-DA1C-02F502DC5692}") = "Shame", "Assembly-CSharp-firstpass-vs.csproj", "{E9F2AAB9-1DFB-7FC6-F6BA-FA49E4FB2E5C}"
EndProject
Project("{FE791A03-740F-5635-DA1C-02F502DC5692}") = "Shame", "Assembly-CSharp-vs.csproj", "{A8D9C648-2213-E21C-E8BB-DB89DF13BE3F}"
EndProject
Global
	GlobalSection(SolutionConfigurationPlatforms) = preSolution
		Debug|Any CPU = Debug|Any CPU
		Release|Any CPU = Release|Any CPU
	EndGlobalSection
	GlobalSection(ProjectConfigurationPlatforms) = postSolution
		{E9F2AAB9-1DFB-7FC6-F6BA-FA49E4FB2E5C}.Debug|Any CPU.ActiveCfg = Debug|Any CPU
		{E9F2AAB9-1DFB-7FC6-F6BA-FA49E4FB2E5C}.Debug|Any CPU.Build.0 = Debug|Any CPU
		{E9F2AAB9-1DFB-7FC6-F6BA-FA49E4FB2E5C}.Release|Any CPU.ActiveCfg = Release|Any CPU
		{E9F2AAB9-1DFB-7FC6-F6BA-FA49E4FB2E5C}.Release|Any CPU.Build.0 = Release|Any CPU
		{A8D9C648-2213-E21C-E8BB-DB89DF13BE3F}.Debug|Any CPU.ActiveCfg = Debug|Any CPU
		{A8D9C648-2213-E21C-E8BB-DB89DF13BE3F}.Debug|Any CPU.Build.0 = Debug|Any CPU
		{A8D9C648-2213-E21C-E8BB-DB89DF13BE3F}.Release|Any CPU.ActiveCfg = Release|Any CPU
		{A8D9C648-2213-E21C-E8BB-DB89DF13BE3F}.Release|Any CPU.Build.0 = Release|Any CPU
	EndGlobalSection
	GlobalSection(SolutionProperties) = preSolution
		HideSolutionNode = FALSE
	EndGlobalSection
																																															GlobalSection(MonoDevelopProperties) = preSolution
		StartupItem = Assembly-CSharp.csproj
		Policies = $0
		$0.TextStylePolicy = $1
		$1.inheritsSet = null
		$1.scope = text/x-csharp
		$0.CSharpFormattingPolicy = $2
		$2.inheritsSet = Mono
		$2.inheritsScope = text/x-csharp
		$2.scope = text/x-csharp
		$0.TextStylePolicy = $3
		$3.FileWidth = 120
		$3.TabWidth = 4
		$3.EolMarker = Unix
		$3.inheritsSet = Mono
		$3.inheritsScope = text/plain
		$3.scope = text/plain
	EndGlobalSection

EndGlobal
